lockfileVersion: '9.0'

settings:
  autoInstallPeers: true
  excludeLinksFromLockfile: false

importers:

  .:
    dependencies:
      '@nova/auth':
        specifier: workspace:*
        version: link:../../packages/auth
      '@nova/module-registry':
        specifier: workspace:*
        version: link:../../packages/module-registry
      '@nova/rbac':
        specifier: workspace:*
        version: link:../../packages/rbac
      fastify-plugin:
        specifier: ^5.1.0
        version: 5.1.0

packages:

  fastify-plugin@5.1.0:
    resolution: {integrity: sha512-FAIDA8eovSt5qcDgcBvDuX/v0Cjz0ohGhENZ/wpc3y+oZCY2afZ9Baqql3g/lC+OHRnciQol4ww7tuthOb9idw==}

snapshots:

  fastify-plugin@5.1.0: {}
