{
  "version": 4,
  "terraform_version": "1.7.5",
  "serial": 51,
  "lineage": "890a4d97-b8d1-3888-6f0f-91d401a10340",
  "outputs": {
    "helm_release_name": {
      "value": "nova-staging",
      "type": "string"
    }
  },
  "resources": [
    {
      "module": "module.nova_stack",
      "mode": "managed",
      "type": "helm_release",
      "name": "nova_stack",
      "provider": "provider[\"registry.terraform.io/hashicorp/helm\"]",
      "instances": [
        {
          "schema_version": 1,
          "attributes": {
            "atomic": false,
            "chart": "./../helm/nova-stack",
            "cleanup_on_fail": false,
            "create_namespace": true,
            "dependency_update": false,
            "description": null,
            "devel": null,
            "disable_crd_hooks": false,
            "disable_openapi_validation": false,
            "disable_webhooks": false,
            "force_update": false,
            "id": "nova-staging",
            "keyring": null,
            "lint": false,
            "manifest": null,
            "max_history": 0,
            "metadata": [
              {
                "app_version": "0.1.0",
                "chart": "nova-stack",
                "first_deployed": 1761430993,
                "last_deployed": 1761430993,
                "name": "nova-staging",
                "namespace": "nova-staging",
                "notes": "Nova stack has been deployed.\n\nAPI Service: nova-staging-nova-stack-api on port 3000\nWorker Deployment: nova-staging-nova-stack-worker\n\nUse `kubectl get pods -l app.kubernetes.io/instance=nova-staging` to check pod status.\n",
                "revision": 1,
                "values": "{\"api\":{\"image\":{\"pullPolicy\":\"IfNotPresent\",\"repository\":\"rms-nova/nova-rms-api\",\"tag\":\"staging\"}},\"global\":{\"imageRegistry\":\"gcr.io\",\"imageTag\":\"staging\"},\"worker\":{\"image\":{\"pullPolicy\":\"IfNotPresent\",\"repository\":\"rms-nova/nova-rms-worker\",\"tag\":\"staging\"}}}",
                "version": "0.1.0"
              }
            ],
            "name": "nova-staging",
            "namespace": "nova-staging",
            "pass_credentials": false,
            "postrender": [],
            "recreate_pods": false,
            "render_subchart_notes": true,
            "replace": false,
            "repository": null,
            "repository_ca_file": null,
            "repository_cert_file": null,
            "repository_key_file": null,
            "repository_password": null,
            "repository_username": null,
            "reset_values": false,
            "reuse_values": false,
            "set": [
              {
                "name": "global.imageRegistry",
                "type": "",
                "value": "gcr.io"
              },
              {
                "name": "global.imageTag",
                "type": "",
                "value": "staging"
              }
            ],
            "set_list": [],
            "set_sensitive": [],
            "skip_crds": false,
            "status": "deployed",
            "timeout": 300,
            "upgrade_install": null,
            "values": [
              "global:\n  imageRegistry: gcr.io\n  imageTag: staging\n\napi:\n  image:\n    repository: rms-nova/nova-rms-api\n    tag: staging\n    pullPolicy: IfNotPresent\n\nworker:\n  image:\n    repository: rms-nova/nova-rms-worker\n    tag: staging\n    pullPolicy: IfNotPresent\n"
            ],
            "verify": false,
            "version": "0.1.0",
            "wait": true,
            "wait_for_jobs": false
          },
          "sensitive_attributes": [],
          "private": "eyJzY2hlbWFfdmVyc2lvbiI6IjEifQ=="
        }
      ]
    }
  ],
  "check_results": null
}
